// !$*UTF8*$!
{
	archiveVersion = 1;
	classes = {
	};
	objectVersion = 56;
	objects = {

/* Begin PBXBuildFile section */
		1C6235D42C12D0BD009A8A2D /* video_playerApp.swift in Sources */ = {isa = PBXBuildFile; fileRef = 1C6235D32C12D0BD009A8A2D /* video_playerApp.swift */; };
		1C6235D62C12D0BD009A8A2D /* ContentView.swift in Sources */ = {isa = PBXBuildFile; fileRef = 1C6235D52C12D0BD009A8A2D /* ContentView.swift */; };
		1C6235D82C12D0BF009A8A2D /* Assets.xcassets in Resources */ = {isa = PBXBuildFile; fileRef = 1C6235D72C12D0BF009A8A2D /* Assets.xcassets */; };
		1C6235DB2C12D0BF009A8A2D /* Preview Assets.xcassets in Resources */ = {isa = PBXBuildFile; fileRef = 1C6235DA2C12D0BF009A8A2D /* Preview Assets.xcassets */; };
		1C6235E52C12D0BF009A8A2D /* video_playerTests.swift in Sources */ = {isa = PBXBuildFile; fileRef = 1C6235E42C12D0BF009A8A2D /* video_playerTests.swift */; };
		1C6235EF2C12D0BF009A8A2D /* video_playerUITests.swift in Sources */ = {isa = PBXBuildFile; fileRef = 1C6235EE2C12D0BF009A8A2D /* video_playerUITests.swift */; };
		1C6235F12C12D0BF009A8A2D /* video_playerUITestsLaunchTests.swift in Sources */ = {isa = PBXBuildFile; fileRef = 1C6235F02C12D0BF009A8A2D /* video_playerUITestsLaunchTests.swift */; };
		1C6235FE2C12D0F0009A8A2D /* SampleVideo_1280x720_1mb.mp4 in Resources */ = {isa = PBXBuildFile; fileRef = 1C6235FD2C12D0F0009A8A2D /* SampleVideo_1280x720_1mb.mp4 */; };
/* End PBXBuildFile section */

/* Begin PBXContainerItemProxy section */
		1C6235E12C12D0BF009A8A2D /* PBXContainerItemProxy */ = {
			isa = PBXContainerItemProxy;
			containerPortal = 1C6235C82C12D0BD009A8A2D /* Project object */;
			proxyType = 1;
			remoteGlobalIDString = 1C6235CF2C12D0BD009A8A2D;
			remoteInfo = video_player;
		};
		1C6235EB2C12D0BF009A8A2D /* PBXContainerItemProxy */ = {
			isa = PBXContainerItemProxy;
			containerPortal = 1C6235C82C12D0BD009A8A2D /* Project object */;
			proxyType = 1;
			remoteGlobalIDString = 1C6235CF2C12D0BD009A8A2D;
			remoteInfo = video_player;
		};
/* End PBXContainerItemProxy section */

/* Begin PBXFileReference section */
		1C6235D02C12D0BD009A8A2D /* video_player.app */ = {isa = PBXFileReference; explicitFileType = wrapper.application; includeInIndex = 0; path = video_player.app; sourceTree = BUILT_PRODUCTS_DIR; };
		1C6235D32C12D0BD009A8A2D /* video_playerApp.swift */ = {isa = PBXFileReference; lastKnownFileType = sourcecode.swift; path = video_playerApp.swift; sourceTree = "<group>"; };
		1C6235D52C12D0BD009A8A2D /* ContentView.swift */ = {isa = PBXFileReference; lastKnownFileType = sourcecode.swift; path = ContentView.swift; sourceTree = "<group>"; };
		1C6235D72C12D0BF009A8A2D /* Assets.xcassets */ = {isa = PBXFileReference; lastKnownFileType = folder.assetcatalog; path = Assets.xcassets; sourceTree = "<group>"; };
		1C6235DA2C12D0BF009A8A2D /* Preview Assets.xcassets */ = {isa = PBXFileReference; lastKnownFileType = folder.assetcatalog; path = "Preview Assets.xcassets"; sourceTree = "<group>"; };
		1C6235E02C12D0BF009A8A2D /* video_playerTests.xctest */ = {isa = PBXFileReference; explicitFileType = wrapper.cfbundle; includeInIndex = 0; path = video_playerTests.xctest; sourceTree = BUILT_PRODUCTS_DIR; };
		1C6235E42C12D0BF009A8A2D /* video_playerTests.swift */ = {isa = PBXFileReference; lastKnownFileType = sourcecode.swift; path = video_playerTests.swift; sourceTree = "<group>"; };
		1C6235EA2C12D0BF009A8A2D /* video_playerUITests.xctest */ = {isa = PBXFileReference; explicitFileType = wrapper.cfbundle; includeInIndex = 0; path = video_playerUITests.xctest; sourceTree = BUILT_PRODUCTS_DIR; };
		1C6235EE2C12D0BF009A8A2D /* video_playerUITests.swift */ = {isa = PBXFileReference; lastKnownFileType = sourcecode.swift; path = video_playerUITests.swift; sourceTree = "<group>"; };
		1C6235F02C12D0BF009A8A2D /* video_playerUITestsLaunchTests.swift */ = {isa = PBXFileReference; lastKnownFileType = sourcecode.swift; path = video_playerUITestsLaunchTests.swift; sourceTree = "<group>"; };
		1C6235FD2C12D0F0009A8A2D /* SampleVideo_1280x720_1mb.mp4 */ = {isa = PBXFileReference; lastKnownFileType = file; name = SampleVideo_1280x720_1mb.mp4; path = ../../../SampleVideo_1280x720_1mb.mp4; sourceTree = "<group>"; };
/* End PBXFileReference section */

/* Begin PBXFrameworksBuildPhase section */
		1C6235CD2C12D0BD009A8A2D /* Frameworks */ = {
			isa = PBXFrameworksBuildPhase;
			buildActionMask = 2147483647;
			files = (
			);
			runOnlyForDeploymentPostprocessing = 0;
		};
		1C6235DD2C12D0BF009A8A2D /* Frameworks */ = {
			isa = PBXFrameworksBuildPhase;
			buildActionMask = 2147483647;
			files = (
			);
			runOnlyForDeploymentPostprocessing = 0;
		};
		1C6235E72C12D0BF009A8A2D /* Frameworks */ = {
			isa = PBXFrameworksBuildPhase;
			buildActionMask = 2147483647;
			files = (
			);
			runOnlyForDeploymentPostprocessing = 0;
		};
/* End PBXFrameworksBuildPhase section */

/* Begin PBXGroup section */
		1C6235C72C12D0BD009A8A2D = {
			isa = PBXGroup;
			children = (
				1C6235D22C12D0BD009A8A2D /* video_player */,
				1C6235E32C12D0BF009A8A2D /* video_playerTests */,
				1C6235ED2C12D0BF009A8A2D /* video_playerUITests */,
				1C6235D12C12D0BD009A8A2D /* Products */,
			);
			sourceTree = "<group>";
		};
		1C6235D12C12D0BD009A8A2D /* Products */ = {
			isa = PBXGroup;
			children = (
				1C6235D02C12D0BD009A8A2D /* video_player.app */,
				1C6235E02C12D0BF009A8A2D /* video_playerTests.xctest */,
				1C6235EA2C12D0BF009A8A2D /* video_playerUITests.xctest */,
			);
			name = Products;
			sourceTree = "<group>";
		};
		1C6235D22C12D0BD009A8A2D /* video_player */ = {
			isa = PBXGroup;
			children = (
				1C6235FD2C12D0F0009A8A2D /* SampleVideo_1280x720_1mb.mp4 */,
				1C6235D32C12D0BD009A8A2D /* video_playerApp.swift */,
				1C6235D52C12D0BD009A8A2D /* ContentView.swift */,
				1C6235D72C12D0BF009A8A2D /* Assets.xcassets */,
				1C6235D92C12D0BF009A8A2D /* Preview Content */,
			);
			path = video_player;
			sourceTree = "<group>";
		};
		1C6235D92C12D0BF009A8A2D /* Preview Content */ = {
			isa = PBXGroup;
			children = (
				1C6235DA2C12D0BF009A8A2D /* Preview Assets.xcassets */,
			);
			path = "Preview Content";
			sourceTree = "<group>";
		};
		1C6235E32C12D0BF009A8A2D /* video_playerTests */ = {
			isa = PBXGroup;
			children = (
				1C6235E42C12D0BF009A8A2D /* video_playerTests.swift */,
			);
			path = video_playerTests;
			sourceTree = "<group>";
		};
		1C6235ED2C12D0BF009A8A2D /* video_playerUITests */ = {
			isa = PBXGroup;
			children = (
				1C6235EE2C12D0BF009A8A2D /* video_playerUITests.swift */,
				1C6235F02C12D0BF009A8A2D /* video_playerUITestsLaunchTests.swift */,
			);
			path = video_playerUITests;
			sourceTree = "<group>";
		};
/* End PBXGroup section */

/* Begin PBXNativeTarget section */
		1C6235CF2C12D0BD009A8A2D /* video_player */ = {
			isa = PBXNativeTarget;
			buildConfigurationList = 1C6235F42C12D0BF009A8A2D /* Build configuration list for PBXNativeTarget "video_player" */;
			buildPhases = (
				1C6235CC2C12D0BD009A8A2D /* Sources */,
				1C6235CD2C12D0BD009A8A2D /* Frameworks */,
				1C6235CE2C12D0BD009A8A2D /* Resources */,
			);
			buildRules = (
			);
			dependencies = (
			);
			name = video_player;
			productName = video_player;
			productReference = 1C6235D02C12D0BD009A8A2D /* video_player.app */;
			productType = "com.apple.product-type.application";
		};
		1C6235DF2C12D0BF009A8A2D /* video_playerTests */ = {
			isa = PBXNativeTarget;
			buildConfigurationList = 1C6235F72C12D0BF009A8A2D /* Build configuration list for PBXNativeTarget "video_playerTests" */;
			buildPhases = (
				1C6235DC2C12D0BF009A8A2D /* Sources */,
				1C6235DD2C12D0BF009A8A2D /* Frameworks */,
				1C6235DE2C12D0BF009A8A2D /* Resources */,
			);
			buildRules = (
			);
			dependencies = (
				1C6235E22C12D0BF009A8A2D /* PBXTargetDependency */,
			);
			name = video_playerTests;
			productName = video_playerTests;
			productReference = 1C6235E02C12D0BF009A8A2D /* video_playerTests.xctest */;
			productType = "com.apple.product-type.bundle.unit-test";
		};
		1C6235E92C12D0BF009A8A2D /* video_playerUITests */ = {
			isa = PBXNativeTarget;
			buildConfigurationList = 1C6235FA2C12D0BF009A8A2D /* Build configuration list for PBXNativeTarget "video_playerUITests" */;
			buildPhases = (
				1C6235E62C12D0BF009A8A2D /* Sources */,
				1C6235E72C12D0BF009A8A2D /* Frameworks */,
				1C6235E82C12D0BF009A8A2D /* Resources */,
			);
			buildRules = (
			);
			dependencies = (
				1C6235EC2C12D0BF009A8A2D /* PBXTargetDependency */,
			);
			name = video_playerUITests;
			productName = video_playerUITests;
			productReference = 1C6235EA2C12D0BF009A8A2D /* video_playerUITests.xctest */;
			productType = "com.apple.product-type.bundle.ui-testing";
		};
/* End PBXNativeTarget section */

/* Begin PBXProject section */
		1C6235C82C12D0BD009A8A2D /* Project object */ = {
			isa = PBXProject;
			attributes = {
				BuildIndependentTargetsInParallel = 1;
				LastSwiftUpdateCheck = 1530;
				LastUpgradeCheck = 1530;
				TargetAttributes = {
					1C6235CF2C12D0BD009A8A2D = {
						CreatedOnToolsVersion = 15.3;
					};
					1C6235DF2C12D0BF009A8A2D = {
						CreatedOnToolsVersion = 15.3;
						TestTargetID = 1C6235CF2C12D0BD009A8A2D;
					};
					1C6235E92C12D0BF009A8A2D = {
						CreatedOnToolsVersion = 15.3;
						TestTargetID = 1C6235CF2C12D0BD009A8A2D;
					};
				};
			};
			buildConfigurationList = 1C6235CB2C12D0BD009A8A2D /* Build configuration list for PBXProject "video_player" */;
			compatibilityVersion = "Xcode 14.0";
			developmentRegion = en;
			hasScannedForEncodings = 0;
			knownRegions = (
				en,
				Base,
			);
			mainGroup = 1C6235C72C12D0BD009A8A2D;
			productRefGroup = 1C6235D12C12D0BD009A8A2D /* Products */;
			projectDirPath = "";
			projectRoot = "";
			targets = (
				1C6235CF2C12D0BD009A8A2D /* video_player */,
				1C6235DF2C12D0BF009A8A2D /* video_playerTests */,
				1C6235E92C12D0BF009A8A2D /* video_playerUITests */,
			);
		};
/* End PBXProject section */

/* Begin PBXResourcesBuildPhase section */
		1C6235CE2C12D0BD009A8A2D /* Resources */ = {
			isa = PBXResourcesBuildPhase;
			buildActionMask = 2147483647;
			files = (
				1C6235FE2C12D0F0009A8A2D /* SampleVideo_1280x720_1mb.mp4 in Resources */,
				1C6235DB2C12D0BF009A8A2D /* Preview Assets.xcassets in Resources */,
				1C6235D82C12D0BF009A8A2D /* Assets.xcassets in Resources */,
			);
			runOnlyForDeploymentPostprocessing = 0;
		};
		1C6235DE2C12D0BF009A8A2D /* Resources */ = {
			isa = PBXResourcesBuildPhase;
			buildActionMask = 2147483647;
			files = (
			);
			runOnlyForDeploymentPostprocessing = 0;
		};
		1C6235E82C12D0BF009A8A2D /* Resources */ = {
			isa = PBXResourcesBuildPhase;
			buildActionMask = 2147483647;
			files = (
			);
			runOnlyForDeploymentPostprocessing = 0;
		};
/* End PBXResourcesBuildPhase section */

/* Begin PBXSourcesBuildPhase section */
		1C6235CC2C12D0BD009A8A2D /* Sources */ = {
			isa = PBXSourcesBuildPhase;
			buildActionMask = 2147483647;
			files = (
				1C6235D62C12D0BD009A8A2D /* ContentView.swift in Sources */,
				1C6235D42C12D0BD009A8A2D /* video_playerApp.swift in Sources */,
			);
			runOnlyForDeploymentPostprocessing = 0;
		};
		1C6235DC2C12D0BF009A8A2D /* Sources */ = {
			isa = PBXSourcesBuildPhase;
			buildActionMask = 2147483647;
			files = (
				1C6235E52C12D0BF009A8A2D /* video_playerTests.swift in Sources */,
			);
			runOnlyForDeploymentPostprocessing = 0;
		};
		1C6235E62C12D0BF009A8A2D /* Sources */ = {
			isa = PBXSourcesBuildPhase;
			buildActionMask = 2147483647;
			files = (
				1C6235EF2C12D0BF009A8A2D /* video_playerUITests.swift in Sources */,
				1C6235F12C12D0BF009A8A2D /* video_playerUITestsLaunchTests.swift in Sources */,
			);
			runOnlyForDeploymentPostprocessing = 0;
		};
/* End PBXSourcesBuildPhase section */

/* Begin PBXTargetDependency section */
		1C6235E22C12D0BF009A8A2D /* PBXTargetDependency */ = {
			isa = PBXTargetDependency;
			target = 1C6235CF2C12D0BD009A8A2D /* video_player */;
			targetProxy = 1C6235E12C12D0BF009A8A2D /* PBXContainerItemProxy */;
		};
		1C6235EC2C12D0BF009A8A2D /* PBXTargetDependency */ = {
			isa = PBXTargetDependency;
			target = 1C6235CF2C12D0BD009A8A2D /* video_player */;
			targetProxy = 1C6235EB2C12D0BF009A8A2D /* PBXContainerItemProxy */;
		};
/* End PBXTargetDependency section */

/* Begin XCBuildConfiguration section */
		1C6235F22C12D0BF009A8A2D /* Debug */ = {
			isa = XCBuildConfiguration;
			buildSettings = {
				ALWAYS_SEARCH_USER_PATHS = NO;
				ASSETCATALOG_COMPILER_GENERATE_SWIFT_ASSET_SYMBOL_EXTENSIONS = YES;
				CLANG_ANALYZER_NONNULL = YES;
				CLANG_ANALYZER_NUMBER_OBJECT_CONVERSION = YES_AGGRESSIVE;
				CLANG_CXX_LANGUAGE_STANDARD = "gnu++20";
				CLANG_ENABLE_MODULES = YES;
				CLANG_ENABLE_OBJC_ARC = YES;
				CLANG_ENABLE_OBJC_WEAK = YES;
				CLANG_WARN_BLOCK_CAPTURE_AUTORELEASING = YES;
				CLANG_WARN_BOOL_CONVERSION = YES;
				CLANG_WARN_COMMA = YES;
				CLANG_WARN_CONSTANT_CONVERSION = YES;
				CLANG_WARN_DEPRECATED_OBJC_IMPLEMENTATIONS = YES;
				CLANG_WARN_DIRECT_OBJC_ISA_USAGE = YES_ERROR;
				CLANG_WARN_DOCUMENTATION_COMMENTS = YES;
				CLANG_WARN_EMPTY_BODY = YES;
				CLANG_WARN_ENUM_CONVERSION = YES;
				CLANG_WARN_INFINITE_RECURSION = YES;
				CLANG_WARN_INT_CONVERSION = YES;
				CLANG_WARN_NON_LITERAL_NULL_CONVERSION = YES;
				CLANG_WARN_OBJC_IMPLICIT_RETAIN_SELF = YES;
				CLANG_WARN_OBJC_LITERAL_CONVERSION = YES;
				CLANG_WARN_OBJC_ROOT_CLASS = YES_ERROR;
				CLANG_WARN_QUOTED_INCLUDE_IN_FRAMEWORK_HEADER = YES;
				CLANG_WARN_RANGE_LOOP_ANALYSIS = YES;
				CLANG_WARN_STRICT_PROTOTYPES = YES;
				CLANG_WARN_SUSPICIOUS_MOVE = YES;
				CLANG_WARN_UNGUARDED_AVAILABILITY = YES_AGGRESSIVE;
				CLANG_WARN_UNREACHABLE_CODE = YES;
				CLANG_WARN__DUPLICATE_METHOD_MATCH = YES;
				COPY_PHASE_STRIP = NO;
				DEBUG_INFORMATION_FORMAT = dwarf;
				ENABLE_STRICT_OBJC_MSGSEND = YES;
				ENABLE_TESTABILITY = YES;
				ENABLE_USER_SCRIPT_SANDBOXING = YES;
				GCC_C_LANGUAGE_STANDARD = gnu17;
				GCC_DYNAMIC_NO_PIC = NO;
				GCC_NO_COMMON_BLOCKS = YES;
				GCC_OPTIMIZATION_LEVEL = 0;
				GCC_PREPROCESSOR_DEFINITIONS = (
					"DEBUG=1",
					"$(inherited)",
				);
				GCC_WARN_64_TO_32_BIT_CONVERSION = YES;
				GCC_WARN_ABOUT_RETURN_TYPE = YES_ERROR;
				GCC_WARN_UNDECLARED_SELECTOR = YES;
				GCC_WARN_UNINITIALIZED_AUTOS = YES_AGGRESSIVE;
				GCC_WARN_UNUSED_FUNCTION = YES;
				GCC_WARN_UNUSED_VARIABLE = YES;
				IPHONEOS_DEPLOYMENT_TARGET = 17.4;
				LOCALIZATION_PREFERS_STRING_CATALOGS = YES;
				MTL_ENABLE_DEBUG_INFO = INCLUDE_SOURCE;
				MTL_FAST_MATH = YES;
				ONLY_ACTIVE_ARCH = YES;
				SDKROOT = iphoneos;
				SWIFT_ACTIVE_COMPILATION_CONDITIONS = "DEBUG $(inherited)";
				SWIFT_OPTIMIZATION_LEVEL = "-Onone";
			};
			name = Debug;
		};
		1C6235F32C12D0BF009A8A2D /* Release */ = {
			isa = XCBuildConfiguration;
			buildSettings = {
				ALWAYS_SEARCH_USER_PATHS = NO;
				ASSETCATALOG_COMPILER_GENERATE_SWIFT_ASSET_SYMBOL_EXTENSIONS = YES;
				CLANG_ANALYZER_NONNULL = YES;
				CLANG_ANALYZER_NUMBER_OBJECT_CONVERSION = YES_AGGRESSIVE;
				CLANG_CXX_LANGUAGE_STANDARD = "gnu++20";
				CLANG_ENABLE_MODULES = YES;
				CLANG_ENABLE_OBJC_ARC = YES;
				CLANG_ENABLE_OBJC_WEAK = YES;
				CLANG_WARN_BLOCK_CAPTURE_AUTORELEASING = YES;
				CLANG_WARN_BOOL_CONVERSION = YES;
				CLANG_WARN_COMMA = YES;
				CLANG_WARN_CONSTANT_CONVERSION = YES;
				CLANG_WARN_DEPRECATED_OBJC_IMPLEMENTATIONS = YES;
				CLANG_WARN_DIRECT_OBJC_ISA_USAGE = YES_ERROR;
				CLANG_WARN_DOCUMENTATION_COMMENTS = YES;
				CLANG_WARN_EMPTY_BODY = YES;
				CLANG_WARN_ENUM_CONVERSION = YES;
				CLANG_WARN_INFINITE_RECURSION = YES;
				CLANG_WARN_INT_CONVERSION = YES;
				CLANG_WARN_NON_LITERAL_NULL_CONVERSION = YES;
				CLANG_WARN_OBJC_IMPLICIT_RETAIN_SELF = YES;
				CLANG_WARN_OBJC_LITERAL_CONVERSION = YES;
				CLANG_WARN_OBJC_ROOT_CLASS = YES_ERROR;
				CLANG_WARN_QUOTED_INCLUDE_IN_FRAMEWORK_HEADER = YES;
				CLANG_WARN_RANGE_LOOP_ANALYSIS = YES;
				CLANG_WARN_STRICT_PROTOTYPES = YES;
				CLANG_WARN_SUSPICIOUS_MOVE = YES;
				CLANG_WARN_UNGUARDED_AVAILABILITY = YES_AGGRESSIVE;
				CLANG_WARN_UNREACHABLE_CODE = YES;
				CLANG_WARN__DUPLICATE_METHOD_MATCH = YES;
				COPY_PHASE_STRIP = NO;
				DEBUG_INFORMATION_FORMAT = "dwarf-with-dsym";
				ENABLE_NS_ASSERTIONS = NO;
				ENABLE_STRICT_OBJC_MSGSEND = YES;
				ENABLE_USER_SCRIPT_SANDBOXING = YES;
				GCC_C_LANGUAGE_STANDARD = gnu17;
				GCC_NO_COMMON_BLOCKS = YES;
				GCC_WARN_64_TO_32_BIT_CONVERSION = YES;
				GCC_WARN_ABOUT_RETURN_TYPE = YES_ERROR;
				GCC_WARN_UNDECLARED_SELECTOR = YES;
				GCC_WARN_UNINITIALIZED_AUTOS = YES_AGGRESSIVE;
				GCC_WARN_UNUSED_FUNCTION = YES;
				GCC_WARN_UNUSED_VARIABLE = YES;
				IPHONEOS_DEPLOYMENT_TARGET = 17.4;
				LOCALIZATION_PREFERS_STRING_CATALOGS = YES;
				MTL_ENABLE_DEBUG_INFO = NO;
				MTL_FAST_MATH = YES;
				SDKROOT = iphoneos;
				SWIFT_COMPILATION_MODE = wholemodule;
				VALIDATE_PRODUCT = YES;
			};
			name = Release;
		};
		1C6235F52C12D0BF009A8A2D /* Debug */ = {
			isa = XCBuildConfiguration;
			buildSettings = {
				ASSETCATALOG_COMPILER_APPICON_NAME = AppIcon;
				ASSETCATALOG_COMPILER_GLOBAL_ACCENT_COLOR_NAME = AccentColor;
				CODE_SIGN_STYLE = Automatic;
				CURRENT_PROJECT_VERSION = 1;
				DEVELOPMENT_ASSET_PATHS = "\"video_player/Preview Content\"";
				DEVELOPMENT_TEAM = 2V7TD7TK7G;
				ENABLE_PREVIEWS = YES;
				GENERATE_INFOPLIST_FILE = YES;
				INFOPLIST_KEY_UIApplicationSceneManifest_Generation = YES;
				INFOPLIST_KEY_UIApplicationSupportsIndirectInputEvents = YES;
				INFOPLIST_KEY_UILaunchScreen_Generation = YES;
				INFOPLIST_KEY_UISupportedInterfaceOrientations_iPad = "UIInterfaceOrientationPortrait UIInterfaceOrientationPortraitUpsideDown UIInterfaceOrientationLandscapeLeft UIInterfaceOrientationLandscapeRight";
				INFOPLIST_KEY_UISupportedInterfaceOrientations_iPhone = "UIInterfaceOrientationPortrait UIInterfaceOrientationLandscapeLeft UIInterfaceOrientationLandscapeRight";
				LD_RUNPATH_SEARCH_PATHS = (
					"$(inherited)",
					"@executable_path/Frameworks",
				);
				MARKETING_VERSION = 1.0;
				PRODUCT_BUNDLE_IDENTIFIER = "io.designcode.video-player";
				PRODUCT_NAME = "$(TARGET_NAME)";
				SWIFT_EMIT_LOC_STRINGS = YES;
				SWIFT_VERSION = 5.0;
				TARGETED_DEVICE_FAMILY = "1,2";
			};
			name = Debug;
		};
		1C6235F62C12D0BF009A8A2D /* Release */ = {
			isa = XCBuildConfiguration;
			buildSettings = {
				ASSETCATALOG_COMPILER_APPICON_NAME = AppIcon;
				ASSETCATALOG_COMPILER_GLOBAL_ACCENT_COLOR_NAME = AccentColor;
				CODE_SIGN_STYLE = Automatic;
				CURRENT_PROJECT_VERSION = 1;
				DEVELOPMENT_ASSET_PATHS = "\"video_player/Preview Content\"";
				DEVELOPMENT_TEAM = 2V7TD7TK7G;
				ENABLE_PREVIEWS = YES;
				GENERATE_INFOPLIST_FILE = YES;
				INFOPLIST_KEY_UIApplicationSceneManifest_Generation = YES;
				INFOPLIST_KEY_UIApplicationSupportsIndirectInputEvents = YES;
				INFOPLIST_KEY_UILaunchScreen_Generation = YES;
				INFOPLIST_KEY_UISupportedInterfaceOrientations_iPad = "UIInterfaceOrientationPortrait UIInterfaceOrientationPortraitUpsideDown UIInterfaceOrientationLandscapeLeft UIInterfaceOrientationLandscapeRight";
				INFOPLIST_KEY_UISupportedInterfaceOrientations_iPhone = "UIInterfaceOrientationPortrait UIInterfaceOrientationLandscapeLeft UIInterfaceOrientationLandscapeRight";
				LD_RUNPATH_SEARCH_PATHS = (
					"$(inherited)",
					"@executable_path/Frameworks",
				);
				MARKETING_VERSION = 1.0;
				PRODUCT_BUNDLE_IDENTIFIER = "io.designcode.video-player";
				PRODUCT_NAME = "$(TARGET_NAME)";
				SWIFT_EMIT_LOC_STRINGS = YES;
				SWIFT_VERSION = 5.0;
				TARGETED_DEVICE_FAMILY = "1,2";
			};
			name = Release;
		};
		1C6235F82C12D0BF009A8A2D /* Debug */ = {
			isa = XCBuildConfiguration;
			buildSettings = {
				ALWAYS_EMBED_SWIFT_STANDARD_LIBRARIES = YES;
				BUNDLE_LOADER = "$(TEST_HOST)";
				CODE_SIGN_STYLE = Automatic;
				CURRENT_PROJECT_VERSION = 1;
				DEVELOPMENT_TEAM = 2V7TD7TK7G;
				GENERATE_INFOPLIST_FILE = YES;
				IPHONEOS_DEPLOYMENT_TARGET = 17.4;
				MARKETING_VERSION = 1.0;
				PRODUCT_BUNDLE_IDENTIFIER = "io.designcode.video-playerTests";
				PRODUCT_NAME = "$(TARGET_NAME)";
				SWIFT_EMIT_LOC_STRINGS = NO;
				SWIFT_VERSION = 5.0;
				TARGETED_DEVICE_FAMILY = "1,2";
				TEST_HOST = "$(BUILT_PRODUCTS_DIR)/video_player.app/$(BUNDLE_EXECUTABLE_FOLDER_PATH)/video_player";
			};
			name = Debug;
		};
		1C6235F92C12D0BF009A8A2D /* Release */ = {
			isa = XCBuildConfiguration;
			buildSettings = {
				ALWAYS_EMBED_SWIFT_STANDARD_LIBRARIES = YES;
				BUNDLE_LOADER = "$(TEST_HOST)";
				CODE_SIGN_STYLE = Automatic;
				CURRENT_PROJECT_VERSION = 1;
				DEVELOPMENT_TEAM = 2V7TD7TK7G;
				GENERATE_INFOPLIST_FILE = YES;
				IPHONEOS_DEPLOYMENT_TARGET = 17.4;
				MARKETING_VERSION = 1.0;
				PRODUCT_BUNDLE_IDENTIFIER = "io.designcode.video-playerTests";
				PRODUCT_NAME = "$(TARGET_NAME)";
				SWIFT_EMIT_LOC_STRINGS = NO;
				SWIFT_VERSION = 5.0;
				TARGETED_DEVICE_FAMILY = "1,2";
				TEST_HOST = "$(BUILT_PRODUCTS_DIR)/video_player.app/$(BUNDLE_EXECUTABLE_FOLDER_PATH)/video_player";
			};
			name = Release;
		};
		1C6235FB2C12D0BF009A8A2D /* Debug */ = {
			isa = XCBuildConfiguration;
			buildSettings = {
				ALWAYS_EMBED_SWIFT_STANDARD_LIBRARIES = YES;
				CODE_SIGN_STYLE = Automatic;
				CURRENT_PROJECT_VERSION = 1;
				DEVELOPMENT_TEAM = 2V7TD7TK7G;
				GENERATE_INFOPLIST_FILE = YES;
				MARKETING_VERSION = 1.0;
				PRODUCT_BUNDLE_IDENTIFIER = "io.designcode.video-playerUITests";
				PRODUCT_NAME = "$(TARGET_NAME)";
				SWIFT_EMIT_LOC_STRINGS = NO;
				SWIFT_VERSION = 5.0;
				TARGETED_DEVICE_FAMILY = "1,2";
				TEST_TARGET_NAME = video_player;
			};
			name = Debug;
		};
		1C6235FC2C12D0BF009A8A2D /* Release */ = {
			isa = XCBuildConfiguration;
			buildSettings = {
				ALWAYS_EMBED_SWIFT_STANDARD_LIBRARIES = YES;
				CODE_SIGN_STYLE = Automatic;
				CURRENT_PROJECT_VERSION = 1;
				DEVELOPMENT_TEAM = 2V7TD7TK7G;
				GENERATE_INFOPLIST_FILE = YES;
				MARKETING_VERSION = 1.0;
				PRODUCT_BUNDLE_IDENTIFIER = "io.designcode.video-playerUITests";
				PRODUCT_NAME = "$(TARGET_NAME)";
				SWIFT_EMIT_LOC_STRINGS = NO;
				SWIFT_VERSION = 5.0;
				TARGETED_DEVICE_FAMILY = "1,2";
				TEST_TARGET_NAME = video_player;
			};
			name = Release;
		};
/* End XCBuildConfiguration section */

/* Begin XCConfigurationList section */
		1C6235CB2C12D0BD009A8A2D /* Build configuration list for PBXProject "video_player" */ = {
			isa = XCConfigurationList;
			buildConfigurations = (
				1C6235F22C12D0BF009A8A2D /* Debug */,
				1C6235F32C12D0BF009A8A2D /* Release */,
			);
			defaultConfigurationIsVisible = 0;
			defaultConfigurationName = Release;
		};
		1C6235F42C12D0BF009A8A2D /* Build configuration list for PBXNativeTarget "video_player" */ = {
			isa = XCConfigurationList;
			buildConfigurations = (
				1C6235F52C12D0BF009A8A2D /* Debug */,
				1C6235F62C12D0BF009A8A2D /* Release */,
			);
			defaultConfigurationIsVisible = 0;
			defaultConfigurationName = Release;
		};
		1C6235F72C12D0BF009A8A2D /* Build configuration list for PBXNativeTarget "video_playerTests" */ = {
			isa = XCConfigurationList;
			buildConfigurations = (
				1C6235F82C12D0BF009A8A2D /* Debug */,
				1C6235F92C12D0BF009A8A2D /* Release */,
			);
			defaultConfigurationIsVisible = 0;
			defaultConfigurationName = Release;
		};
		1C6235FA2C12D0BF009A8A2D /* Build configuration list for PBXNativeTarget "video_playerUITests" */ = {
			isa = XCConfigurationList;
			buildConfigurations = (
				1C6235FB2C12D0BF009A8A2D /* Debug */,
				1C6235FC2C12D0BF009A8A2D /* Release */,
			);
			defaultConfigurationIsVisible = 0;
			defaultConfigurationName = Release;
		};
/* End XCConfigurationList section */
	};
	rootObject = 1C6235C82C12D0BD009A8A2D /* Project object */;
}
